
Microsoft Visual Studio Solution File, Format Version 12.00
# Visual Studio Version 16
VisualStudioVersion = 16.0.31624.102
MinimumVisualStudioVersion = 10.0.40219.1
Project("{FAE04EC0-301F-11D3-BF4B-00C04F79EFBC}") = "ArraysExercise01", "ArraysExercise01.csproj", "{F83BE1ED-C8FA-40C6-8977-9B10785C3605}"
EndProject
Global
	GlobalSection(SolutionConfigurationPlatforms) = preSolution
		Debug|Any CPU = Debug|Any CPU
		Release|Any CPU = Release|Any CPU
	EndGlobalSection
	GlobalSection(ProjectConfigurationPlatforms) = postSolution
		{F83BE1ED-C8FA-40C6-8977-9B10785C3605}.Debug|Any CPU.ActiveCfg = Debug|Any CPU
		{F83BE1ED-C8FA-40C6-8977-9B10785C3605}.Debug|Any CPU.Build.0 = Debug|Any CPU
		{F83BE1ED-C8FA-40C6-8977-9B10785C3605}.Release|Any CPU.ActiveCfg = Release|Any CPU
		{F83BE1ED-C8FA-40C6-8977-9B10785C3605}.Release|Any CPU.Build.0 = Release|Any CPU
	EndGlobalSection
	GlobalSection(SolutionProperties) = preSolution
		HideSolutionNode = FALSE
	EndGlobalSection
	GlobalSection(ExtensibilityGlobals) = postSolution
		SolutionGuid = {FB395D8E-E70E-43DF-9FED-5AC2D7B919DB}
	EndGlobalSection
EndGlobal
