
Microsoft Visual Studio Solution File, Format Version 12.00
# Visual Studio Version 16
VisualStudioVersion = 16.0.31624.102
MinimumVisualStudioVersion = 10.0.40219.1
Project("{FAE04EC0-301F-11D3-BF4B-00C04F79EFBC}") = "NetPay", "NetPay\NetPay.csproj", "{568E578D-CF91-4E4C-B4C6-CE1E405E7BF8}"
EndProject
Global
	GlobalSection(SolutionConfigurationPlatforms) = preSolution
		Debug|Any CPU = Debug|Any CPU
		Release|Any CPU = Release|Any CPU
	EndGlobalSection
	GlobalSection(ProjectConfigurationPlatforms) = postSolution
		{568E578D-CF91-4E4C-B4C6-CE1E405E7BF8}.Debug|Any CPU.ActiveCfg = Debug|Any CPU
		{568E578D-CF91-4E4C-B4C6-CE1E405E7BF8}.Debug|Any CPU.Build.0 = Debug|Any CPU
		{568E578D-CF91-4E4C-B4C6-CE1E405E7BF8}.Release|Any CPU.ActiveCfg = Release|Any CPU
		{568E578D-CF91-4E4C-B4C6-CE1E405E7BF8}.Release|Any CPU.Build.0 = Release|Any CPU
	EndGlobalSection
	GlobalSection(SolutionProperties) = preSolution
		HideSolutionNode = FALSE
	EndGlobalSection
	GlobalSection(ExtensibilityGlobals) = postSolution
		SolutionGuid = {A9A0ACD4-00BB-45FA-8DF2-3903EF59E2B3}
	EndGlobalSection
EndGlobal
