
Microsoft Visual Studio Solution File, Format Version 12.00
# Visual Studio Version 16
VisualStudioVersion = 16.0.31624.102
MinimumVisualStudioVersion = 10.0.40219.1
Project("{FAE04EC0-301F-11D3-BF4B-00C04F79EFBC}") = "FixedDebugTwo3", "FixedDebugTwo3\FixedDebugTwo3.csproj", "{ECD41096-B704-4ACC-A3B8-6B35BAA28556}"
EndProject
Global
	GlobalSection(SolutionConfigurationPlatforms) = preSolution
		Debug|Any CPU = Debug|Any CPU
		Release|Any CPU = Release|Any CPU
	EndGlobalSection
	GlobalSection(ProjectConfigurationPlatforms) = postSolution
		{ECD41096-B704-4ACC-A3B8-6B35BAA28556}.Debug|Any CPU.ActiveCfg = Debug|Any CPU
		{ECD41096-B704-4ACC-A3B8-6B35BAA28556}.Debug|Any CPU.Build.0 = Debug|Any CPU
		{ECD41096-B704-4ACC-A3B8-6B35BAA28556}.Release|Any CPU.ActiveCfg = Release|Any CPU
		{ECD41096-B704-4ACC-A3B8-6B35BAA28556}.Release|Any CPU.Build.0 = Release|Any CPU
	EndGlobalSection
	GlobalSection(SolutionProperties) = preSolution
		HideSolutionNode = FALSE
	EndGlobalSection
	GlobalSection(ExtensibilityGlobals) = postSolution
		SolutionGuid = {505D4526-1F35-48AB-A823-36ADF49BB594}
	EndGlobalSection
EndGlobal
