
Microsoft Visual Studio Solution File, Format Version 12.00
# Visual Studio Version 16
VisualStudioVersion = 16.0.31624.102
MinimumVisualStudioVersion = 10.0.40219.1
Project("{FAE04EC0-301F-11D3-BF4B-00C04F79EFBC}") = "SimpleLoopExercise01", "SimpleLoopExercise01.csproj", "{D75410DF-C6F8-4D7D-A10C-C0D813304E71}"
EndProject
Global
	GlobalSection(SolutionConfigurationPlatforms) = preSolution
		Debug|Any CPU = Debug|Any CPU
		Release|Any CPU = Release|Any CPU
	EndGlobalSection
	GlobalSection(ProjectConfigurationPlatforms) = postSolution
		{D75410DF-C6F8-4D7D-A10C-C0D813304E71}.Debug|Any CPU.ActiveCfg = Debug|Any CPU
		{D75410DF-C6F8-4D7D-A10C-C0D813304E71}.Debug|Any CPU.Build.0 = Debug|Any CPU
		{D75410DF-C6F8-4D7D-A10C-C0D813304E71}.Release|Any CPU.ActiveCfg = Release|Any CPU
		{D75410DF-C6F8-4D7D-A10C-C0D813304E71}.Release|Any CPU.Build.0 = Release|Any CPU
	EndGlobalSection
	GlobalSection(SolutionProperties) = preSolution
		HideSolutionNode = FALSE
	EndGlobalSection
	GlobalSection(ExtensibilityGlobals) = postSolution
		SolutionGuid = {1553EFE3-D66C-4226-9593-11838FD9FDF4}
	EndGlobalSection
EndGlobal
