
Microsoft Visual Studio Solution File, Format Version 12.00
# Visual Studio Version 16
VisualStudioVersion = 16.0.31624.102
MinimumVisualStudioVersion = 10.0.40219.1
Project("{FAE04EC0-301F-11D3-BF4B-00C04F79EFBC}") = "LabExercise18", "LabExercise18.csproj", "{6787194D-9BA8-4145-A4C3-FEDD00B4B315}"
EndProject
Global
	GlobalSection(SolutionConfigurationPlatforms) = preSolution
		Debug|Any CPU = Debug|Any CPU
		Release|Any CPU = Release|Any CPU
	EndGlobalSection
	GlobalSection(ProjectConfigurationPlatforms) = postSolution
		{6787194D-9BA8-4145-A4C3-FEDD00B4B315}.Debug|Any CPU.ActiveCfg = Debug|Any CPU
		{6787194D-9BA8-4145-A4C3-FEDD00B4B315}.Debug|Any CPU.Build.0 = Debug|Any CPU
		{6787194D-9BA8-4145-A4C3-FEDD00B4B315}.Release|Any CPU.ActiveCfg = Release|Any CPU
		{6787194D-9BA8-4145-A4C3-FEDD00B4B315}.Release|Any CPU.Build.0 = Release|Any CPU
	EndGlobalSection
	GlobalSection(SolutionProperties) = preSolution
		HideSolutionNode = FALSE
	EndGlobalSection
	GlobalSection(ExtensibilityGlobals) = postSolution
		SolutionGuid = {0DFECAE3-1E92-4247-A142-863097D7C9D4}
	EndGlobalSection
EndGlobal
