
Microsoft Visual Studio Solution File, Format Version 12.00
# Visual Studio Version 16
VisualStudioVersion = 16.0.31624.102
MinimumVisualStudioVersion = 10.0.40219.1
Project("{FAE04EC0-301F-11D3-BF4B-00C04F79EFBC}") = "Week 1 Practice", "Week 1 Practice\Week 1 Practice.csproj", "{7A440C56-8BE5-44ED-A8FD-580939789449}"
EndProject
Global
	GlobalSection(SolutionConfigurationPlatforms) = preSolution
		Debug|Any CPU = Debug|Any CPU
		Release|Any CPU = Release|Any CPU
	EndGlobalSection
	GlobalSection(ProjectConfigurationPlatforms) = postSolution
		{7A440C56-8BE5-44ED-A8FD-580939789449}.Debug|Any CPU.ActiveCfg = Debug|Any CPU
		{7A440C56-8BE5-44ED-A8FD-580939789449}.Debug|Any CPU.Build.0 = Debug|Any CPU
		{7A440C56-8BE5-44ED-A8FD-580939789449}.Release|Any CPU.ActiveCfg = Release|Any CPU
		{7A440C56-8BE5-44ED-A8FD-580939789449}.Release|Any CPU.Build.0 = Release|Any CPU
	EndGlobalSection
	GlobalSection(SolutionProperties) = preSolution
		HideSolutionNode = FALSE
	EndGlobalSection
	GlobalSection(ExtensibilityGlobals) = postSolution
		SolutionGuid = {7C7BA4AD-B97F-4550-8592-5E797F866BA7}
	EndGlobalSection
EndGlobal
