
Microsoft Visual Studio Solution File, Format Version 12.00
# Visual Studio Version 16
VisualStudioVersion = 16.0.31624.102
MinimumVisualStudioVersion = 10.0.40219.1
Project("{FAE04EC0-301F-11D3-BF4B-00C04F79EFBC}") = "Hens", "Hens\Hens.csproj", "{F6AD3448-C62A-44E9-AA24-F48A8CAAC3D3}"
EndProject
Global
	GlobalSection(SolutionConfigurationPlatforms) = preSolution
		Debug|Any CPU = Debug|Any CPU
		Release|Any CPU = Release|Any CPU
	EndGlobalSection
	GlobalSection(ProjectConfigurationPlatforms) = postSolution
		{F6AD3448-C62A-44E9-AA24-F48A8CAAC3D3}.Debug|Any CPU.ActiveCfg = Debug|Any CPU
		{F6AD3448-C62A-44E9-AA24-F48A8CAAC3D3}.Debug|Any CPU.Build.0 = Debug|Any CPU
		{F6AD3448-C62A-44E9-AA24-F48A8CAAC3D3}.Release|Any CPU.ActiveCfg = Release|Any CPU
		{F6AD3448-C62A-44E9-AA24-F48A8CAAC3D3}.Release|Any CPU.Build.0 = Release|Any CPU
	EndGlobalSection
	GlobalSection(SolutionProperties) = preSolution
		HideSolutionNode = FALSE
	EndGlobalSection
	GlobalSection(ExtensibilityGlobals) = postSolution
		SolutionGuid = {DBAD573F-977A-446C-9C91-A51BC7EEE82F}
	EndGlobalSection
EndGlobal
