
Microsoft Visual Studio Solution File, Format Version 12.00
# Visual Studio Version 16
VisualStudioVersion = 16.0.31624.102
MinimumVisualStudioVersion = 10.0.40219.1
Project("{FAE04EC0-301F-11D3-BF4B-00C04F79EFBC}") = "LabExercise06", "LabExercise06.csproj", "{533B36B6-E6B3-4072-B72E-7B1EE7E8B262}"
EndProject
Global
	GlobalSection(SolutionConfigurationPlatforms) = preSolution
		Debug|Any CPU = Debug|Any CPU
		Release|Any CPU = Release|Any CPU
	EndGlobalSection
	GlobalSection(ProjectConfigurationPlatforms) = postSolution
		{533B36B6-E6B3-4072-B72E-7B1EE7E8B262}.Debug|Any CPU.ActiveCfg = Debug|Any CPU
		{533B36B6-E6B3-4072-B72E-7B1EE7E8B262}.Debug|Any CPU.Build.0 = Debug|Any CPU
		{533B36B6-E6B3-4072-B72E-7B1EE7E8B262}.Release|Any CPU.ActiveCfg = Release|Any CPU
		{533B36B6-E6B3-4072-B72E-7B1EE7E8B262}.Release|Any CPU.Build.0 = Release|Any CPU
	EndGlobalSection
	GlobalSection(SolutionProperties) = preSolution
		HideSolutionNode = FALSE
	EndGlobalSection
	GlobalSection(ExtensibilityGlobals) = postSolution
		SolutionGuid = {50B12163-0B52-4AC7-AEF7-BF414C4CB822}
	EndGlobalSection
EndGlobal
