
Microsoft Visual Studio Solution File, Format Version 12.00
# Visual Studio Version 16
VisualStudioVersion = 16.0.31624.102
MinimumVisualStudioVersion = 10.0.40219.1
Project("{FAE04EC0-301F-11D3-BF4B-00C04F79EFBC}") = "NestedLoopExercise04", "NestedLoopExercise04.csproj", "{71BB3B6A-8D31-4115-8072-F64AF0DB7D03}"
EndProject
Global
	GlobalSection(SolutionConfigurationPlatforms) = preSolution
		Debug|Any CPU = Debug|Any CPU
		Release|Any CPU = Release|Any CPU
	EndGlobalSection
	GlobalSection(ProjectConfigurationPlatforms) = postSolution
		{71BB3B6A-8D31-4115-8072-F64AF0DB7D03}.Debug|Any CPU.ActiveCfg = Debug|Any CPU
		{71BB3B6A-8D31-4115-8072-F64AF0DB7D03}.Debug|Any CPU.Build.0 = Debug|Any CPU
		{71BB3B6A-8D31-4115-8072-F64AF0DB7D03}.Release|Any CPU.ActiveCfg = Release|Any CPU
		{71BB3B6A-8D31-4115-8072-F64AF0DB7D03}.Release|Any CPU.Build.0 = Release|Any CPU
	EndGlobalSection
	GlobalSection(SolutionProperties) = preSolution
		HideSolutionNode = FALSE
	EndGlobalSection
	GlobalSection(ExtensibilityGlobals) = postSolution
		SolutionGuid = {308E1773-B529-4A6E-9E0A-C9F6B97B6DD7}
	EndGlobalSection
EndGlobal
