
Microsoft Visual Studio Solution File, Format Version 12.00
# Visual Studio Version 16
VisualStudioVersion = 16.0.31624.102
MinimumVisualStudioVersion = 10.0.40219.1
Project("{FAE04EC0-301F-11D3-BF4B-00C04F79EFBC}") = "LabExercise13", "LabExercise13.csproj", "{29A446FE-13BD-45A1-A140-BD4C086C6974}"
EndProject
Global
	GlobalSection(SolutionConfigurationPlatforms) = preSolution
		Debug|Any CPU = Debug|Any CPU
		Release|Any CPU = Release|Any CPU
	EndGlobalSection
	GlobalSection(ProjectConfigurationPlatforms) = postSolution
		{29A446FE-13BD-45A1-A140-BD4C086C6974}.Debug|Any CPU.ActiveCfg = Debug|Any CPU
		{29A446FE-13BD-45A1-A140-BD4C086C6974}.Debug|Any CPU.Build.0 = Debug|Any CPU
		{29A446FE-13BD-45A1-A140-BD4C086C6974}.Release|Any CPU.ActiveCfg = Release|Any CPU
		{29A446FE-13BD-45A1-A140-BD4C086C6974}.Release|Any CPU.Build.0 = Release|Any CPU
	EndGlobalSection
	GlobalSection(SolutionProperties) = preSolution
		HideSolutionNode = FALSE
	EndGlobalSection
	GlobalSection(ExtensibilityGlobals) = postSolution
		SolutionGuid = {D0CA09D2-D8A6-4602-91A1-BAB958F272FB}
	EndGlobalSection
EndGlobal
